// !$*UTF8*$!
{
	archiveVersion = 1;
	classes = {
	};
	objectVersion = 46;
	objects = {

/* Begin PBXBuildFile section */
		FDA19C6D1965830400761A59 /* AppDelegate.swift in Sources */ = {isa = PBXBuildFile; fileRef = FDA19C6C1965830400761A59 /* AppDelegate.swift */; };
		FDA19C6F1965830400761A59 /* GameScene.sks in Resources */ = {isa = PBXBuildFile; fileRef = FDA19C6E1965830400761A59 /* GameScene.sks */; };
		FDA19C711965830400761A59 /* GameScene.swift in Sources */ = {isa = PBXBuildFile; fileRef = FDA19C701965830400761A59 /* GameScene.swift */; };
		FDA19C731965830400761A59 /* GameViewController.swift in Sources */ = {isa = PBXBuildFile; fileRef = FDA19C721965830400761A59 /* GameViewController.swift */; };
		FDA19C761965830400761A59 /* Main.storyboard in Resources */ = {isa = PBXBuildFile; fileRef = FDA19C741965830400761A59 /* Main.storyboard */; };
		FDA19C781965830400761A59 /* Images.xcassets in Resources */ = {isa = PBXBuildFile; fileRef = FDA19C771965830400761A59 /* Images.xcassets */; };
		FDA19C841965830500761A59 /* EatDaBallTests.swift in Sources */ = {isa = PBXBuildFile; fileRef = FDA19C831965830500761A59 /* EatDaBallTests.swift */; };
/* End PBXBuildFile section */

/* Begin PBXContainerItemProxy section */
		FDA19C7E1965830500761A59 /* PBXContainerItemProxy */ = {
			isa = PBXContainerItemProxy;
			containerPortal = FDA19C5F1965830400761A59 /* Project object */;
			proxyType = 1;
			remoteGlobalIDString = FDA19C661965830400761A59;
			remoteInfo = EatDaBall;
		};
/* End PBXContainerItemProxy section */

/* Begin PBXFileReference section */
		FDA19C671965830400761A59 /* EatDaBall.app */ = {isa = PBXFileReference; explicitFileType = wrapper.application; includeInIndex = 0; path = EatDaBall.app; sourceTree = BUILT_PRODUCTS_DIR; };
		FDA19C6B1965830400761A59 /* Info.plist */ = {isa = PBXFileReference; lastKnownFileType = text.plist.xml; path = Info.plist; sourceTree = "<group>"; };
		FDA19C6C1965830400761A59 /* AppDelegate.swift */ = {isa = PBXFileReference; lastKnownFileType = sourcecode.swift; path = AppDelegate.swift; sourceTree = "<group>"; };
		FDA19C6E1965830400761A59 /* GameScene.sks */ = {isa = PBXFileReference; lastKnownFileType = file.sks; path = GameScene.sks; sourceTree = "<group>"; };
		FDA19C701965830400761A59 /* GameScene.swift */ = {isa = PBXFileReference; lastKnownFileType = sourcecode.swift; path = GameScene.swift; sourceTree = "<group>"; };
		FDA19C721965830400761A59 /* GameViewController.swift */ = {isa = PBXFileReference; lastKnownFileType = sourcecode.swift; path = GameViewController.swift; sourceTree = "<group>"; };
		FDA19C751965830400761A59 /* Base */ = {isa = PBXFileReference; lastKnownFileType = file.storyboard; name = Base; path = Base.lproj/Main.storyboard; sourceTree = "<group>"; };
		FDA19C771965830400761A59 /* Images.xcassets */ = {isa = PBXFileReference; lastKnownFileType = folder.assetcatalog; path = Images.xcassets; sourceTree = "<group>"; };
		FDA19C7D1965830500761A59 /* EatDaBallTests.xctest */ = {isa = PBXFileReference; explicitFileType = wrapper.cfbundle; includeInIndex = 0; path = EatDaBallTests.xctest; sourceTree = BUILT_PRODUCTS_DIR; };
		FDA19C821965830500761A59 /* Info.plist */ = {isa = PBXFileReference; lastKnownFileType = text.plist.xml; path = Info.plist; sourceTree = "<group>"; };
		FDA19C831965830500761A59 /* EatDaBallTests.swift */ = {isa = PBXFileReference; lastKnownFileType = sourcecode.swift; path = EatDaBallTests.swift; sourceTree = "<group>"; };
/* End PBXFileReference section */

/* Begin PBXFrameworksBuildPhase section */
		FDA19C641965830400761A59 /* Frameworks */ = {
			isa = PBXFrameworksBuildPhase;
			buildActionMask = 2147483647;
			files = (
			);
			runOnlyForDeploymentPostprocessing = 0;
		};
		FDA19C7A1965830500761A59 /* Frameworks */ = {
			isa = PBXFrameworksBuildPhase;
			buildActionMask = 2147483647;
			files = (
			);
			runOnlyForDeploymentPostprocessing = 0;
		};
/* End PBXFrameworksBuildPhase section */

/* Begin PBXGroup section */
		FDA19C5E1965830400761A59 = {
			isa = PBXGroup;
			children = (
				FDA19C691965830400761A59 /* EatDaBall */,
				FDA19C801965830500761A59 /* EatDaBallTests */,
				FDA19C681965830400761A59 /* Products */,
			);
			sourceTree = "<group>";
		};
		FDA19C681965830400761A59 /* Products */ = {
			isa = PBXGroup;
			children = (
				FDA19C671965830400761A59 /* EatDaBall.app */,
				FDA19C7D1965830500761A59 /* EatDaBallTests.xctest */,
			);
			name = Products;
			sourceTree = "<group>";
		};
		FDA19C691965830400761A59 /* EatDaBall */ = {
			isa = PBXGroup;
			children = (
				FDA19C6C1965830400761A59 /* AppDelegate.swift */,
				FDA19C6E1965830400761A59 /* GameScene.sks */,
				FDA19C701965830400761A59 /* GameScene.swift */,
				FDA19C721965830400761A59 /* GameViewController.swift */,
				FDA19C741965830400761A59 /* Main.storyboard */,
				FDA19C771965830400761A59 /* Images.xcassets */,
				FDA19C6A1965830400761A59 /* Supporting Files */,
			);
			path = EatDaBall;
			sourceTree = "<group>";
		};
		FDA19C6A1965830400761A59 /* Supporting Files */ = {
			isa = PBXGroup;
			children = (
				FDA19C6B1965830400761A59 /* Info.plist */,
			);
			name = "Supporting Files";
			sourceTree = "<group>";
		};
		FDA19C801965830500761A59 /* EatDaBallTests */ = {
			isa = PBXGroup;
			children = (
				FDA19C831965830500761A59 /* EatDaBallTests.swift */,
				FDA19C811965830500761A59 /* Supporting Files */,
			);
			path = EatDaBallTests;
			sourceTree = "<group>";
		};
		FDA19C811965830500761A59 /* Supporting Files */ = {
			isa = PBXGroup;
			children = (
				FDA19C821965830500761A59 /* Info.plist */,
			);
			name = "Supporting Files";
			sourceTree = "<group>";
		};
/* End PBXGroup section */

/* Begin PBXNativeTarget section */
		FDA19C661965830400761A59 /* EatDaBall */ = {
			isa = PBXNativeTarget;
			buildConfigurationList = FDA19C871965830500761A59 /* Build configuration list for PBXNativeTarget "EatDaBall" */;
			buildPhases = (
				FDA19C631965830400761A59 /* Sources */,
				FDA19C641965830400761A59 /* Frameworks */,
				FDA19C651965830400761A59 /* Resources */,
			);
			buildRules = (
			);
			dependencies = (
			);
			name = EatDaBall;
			productName = EatDaBall;
			productReference = FDA19C671965830400761A59 /* EatDaBall.app */;
			productType = "com.apple.product-type.application";
		};
		FDA19C7C1965830500761A59 /* EatDaBallTests */ = {
			isa = PBXNativeTarget;
			buildConfigurationList = FDA19C8A1965830500761A59 /* Build configuration list for PBXNativeTarget "EatDaBallTests" */;
			buildPhases = (
				FDA19C791965830500761A59 /* Sources */,
				FDA19C7A1965830500761A59 /* Frameworks */,
				FDA19C7B1965830500761A59 /* Resources */,
			);
			buildRules = (
			);
			dependencies = (
				FDA19C7F1965830500761A59 /* PBXTargetDependency */,
			);
			name = EatDaBallTests;
			productName = EatDaBallTests;
			productReference = FDA19C7D1965830500761A59 /* EatDaBallTests.xctest */;
			productType = "com.apple.product-type.bundle.unit-test";
		};
/* End PBXNativeTarget section */

/* Begin PBXProject section */
		FDA19C5F1965830400761A59 /* Project object */ = {
			isa = PBXProject;
			attributes = {
				LastUpgradeCheck = 0600;
				ORGANIZATIONNAME = "Denis Thamrin";
				TargetAttributes = {
					FDA19C661965830400761A59 = {
						CreatedOnToolsVersion = 6.0;
					};
					FDA19C7C1965830500761A59 = {
						CreatedOnToolsVersion = 6.0;
						TestTargetID = FDA19C661965830400761A59;
					};
				};
			};
			buildConfigurationList = FDA19C621965830400761A59 /* Build configuration list for PBXProject "EatDaBall" */;
			compatibilityVersion = "Xcode 3.2";
			developmentRegion = English;
			hasScannedForEncodings = 0;
			knownRegions = (
				en,
				Base,
			);
			mainGroup = FDA19C5E1965830400761A59;
			productRefGroup = FDA19C681965830400761A59 /* Products */;
			projectDirPath = "";
			projectRoot = "";
			targets = (
				FDA19C661965830400761A59 /* EatDaBall */,
				FDA19C7C1965830500761A59 /* EatDaBallTests */,
			);
		};
/* End PBXProject section */

/* Begin PBXResourcesBuildPhase section */
		FDA19C651965830400761A59 /* Resources */ = {
			isa = PBXResourcesBuildPhase;
			buildActionMask = 2147483647;
			files = (
				FDA19C781965830400761A59 /* Images.xcassets in Resources */,
				FDA19C6F1965830400761A59 /* GameScene.sks in Resources */,
				FDA19C761965830400761A59 /* Main.storyboard in Resources */,
			);
			runOnlyForDeploymentPostprocessing = 0;
		};
		FDA19C7B1965830500761A59 /* Resources */ = {
			isa = PBXResourcesBuildPhase;
			buildActionMask = 2147483647;
			files = (
			);
			runOnlyForDeploymentPostprocessing = 0;
		};
/* End PBXResourcesBuildPhase section */

/* Begin PBXSourcesBuildPhase section */
		FDA19C631965830400761A59 /* Sources */ = {
			isa = PBXSourcesBuildPhase;
			buildActionMask = 2147483647;
			files = (
				FDA19C711965830400761A59 /* GameScene.swift in Sources */,
				FDA19C731965830400761A59 /* GameViewController.swift in Sources */,
				FDA19C6D1965830400761A59 /* AppDelegate.swift in Sources */,
			);
			runOnlyForDeploymentPostprocessing = 0;
		};
		FDA19C791965830500761A59 /* Sources */ = {
			isa = PBXSourcesBuildPhase;
			buildActionMask = 2147483647;
			files = (
				FDA19C841965830500761A59 /* EatDaBallTests.swift in Sources */,
			);
			runOnlyForDeploymentPostprocessing = 0;
		};
/* End PBXSourcesBuildPhase section */

/* Begin PBXTargetDependency section */
		FDA19C7F1965830500761A59 /* PBXTargetDependency */ = {
			isa = PBXTargetDependency;
			target = FDA19C661965830400761A59 /* EatDaBall */;
			targetProxy = FDA19C7E1965830500761A59 /* PBXContainerItemProxy */;
		};
/* End PBXTargetDependency section */

/* Begin PBXVariantGroup section */
		FDA19C741965830400761A59 /* Main.storyboard */ = {
			isa = PBXVariantGroup;
			children = (
				FDA19C751965830400761A59 /* Base */,
			);
			name = Main.storyboard;
			sourceTree = "<group>";
		};
/* End PBXVariantGroup section */

/* Begin XCBuildConfiguration section */
		FDA19C851965830500761A59 /* Debug */ = {
			isa = XCBuildConfiguration;
			buildSettings = {
				ALWAYS_SEARCH_USER_PATHS = NO;
				CLANG_CXX_LANGUAGE_STANDARD = "gnu++0x";
				CLANG_CXX_LIBRARY = "libc++";
				CLANG_ENABLE_MODULES = YES;
				CLANG_ENABLE_OBJC_ARC = YES;
				CLANG_WARN_BOOL_CONVERSION = YES;
				CLANG_WARN_CONSTANT_CONVERSION = YES;
				CLANG_WARN_DIRECT_OBJC_ISA_USAGE = YES_ERROR;
				CLANG_WARN_EMPTY_BODY = YES;
				CLANG_WARN_ENUM_CONVERSION = YES;
				CLANG_WARN_INT_CONVERSION = YES;
				CLANG_WARN_OBJC_ROOT_CLASS = YES_ERROR;
				CLANG_WARN_UNREACHABLE_CODE = YES;
				CLANG_WARN__DUPLICATE_METHOD_MATCH = YES;
				"CODE_SIGN_IDENTITY[sdk=iphoneos*]" = "iPhone Developer";
				COPY_PHASE_STRIP = NO;
				ENABLE_STRICT_OBJC_MSGSEND = YES;
				GCC_C_LANGUAGE_STANDARD = gnu99;
				GCC_DYNAMIC_NO_PIC = NO;
				GCC_OPTIMIZATION_LEVEL = 0;
				GCC_PREPROCESSOR_DEFINITIONS = (
					"DEBUG=1",
					"$(inherited)",
				);
				GCC_SYMBOLS_PRIVATE_EXTERN = NO;
				GCC_WARN_64_TO_32_BIT_CONVERSION = YES;
				GCC_WARN_ABOUT_RETURN_TYPE = YES_ERROR;
				GCC_WARN_UNDECLARED_SELECTOR = YES;
				GCC_WARN_UNINITIALIZED_AUTOS = YES_AGGRESSIVE;
				GCC_WARN_UNUSED_FUNCTION = YES;
				GCC_WARN_UNUSED_VARIABLE = YES;
				IPHONEOS_DEPLOYMENT_TARGET = 8.0;
				METAL_ENABLE_DEBUG_INFO = YES;
				ONLY_ACTIVE_ARCH = YES;
				SDKROOT = iphoneos;
				SWIFT_OPTIMIZATION_LEVEL = "-Onone";
			};
			name = Debug;
		};
		FDA19C861965830500761A59 /* Release */ = {
			isa = XCBuildConfiguration;
			buildSettings = {
				ALWAYS_SEARCH_USER_PATHS = NO;
				CLANG_CXX_LANGUAGE_STANDARD = "gnu++0x";
				CLANG_CXX_LIBRARY = "libc++";
				CLANG_ENABLE_MODULES = YES;
				CLANG_ENABLE_OBJC_ARC = YES;
				CLANG_WARN_BOOL_CONVERSION = YES;
				CLANG_WARN_CONSTANT_CONVERSION = YES;
				CLANG_WARN_DIRECT_OBJC_ISA_USAGE = YES_ERROR;
				CLANG_WARN_EMPTY_BODY = YES;
				CLANG_WARN_ENUM_CONVERSION = YES;
				CLANG_WARN_INT_CONVERSION = YES;
				CLANG_WARN_OBJC_ROOT_CLASS = YES_ERROR;
				CLANG_WARN_UNREACHABLE_CODE = YES;
				CLANG_WARN__DUPLICATE_METHOD_MATCH = YES;
				"CODE_SIGN_IDENTITY[sdk=iphoneos*]" = "iPhone Developer";
				COPY_PHASE_STRIP = YES;
				ENABLE_NS_ASSERTIONS = NO;
				ENABLE_STRICT_OBJC_MSGSEND = YES;
				GCC_C_LANGUAGE_STANDARD = gnu99;
				GCC_WARN_64_TO_32_BIT_CONVERSION = YES;
				GCC_WARN_ABOUT_RETURN_TYPE = YES_ERROR;
				GCC_WARN_UNDECLARED_SELECTOR = YES;
				GCC_WARN_UNINITIALIZED_AUTOS = YES_AGGRESSIVE;
				GCC_WARN_UNUSED_FUNCTION = YES;
				GCC_WARN_UNUSED_VARIABLE = YES;
				IPHONEOS_DEPLOYMENT_TARGET = 8.0;
				METAL_ENABLE_DEBUG_INFO = NO;
				SDKROOT = iphoneos;
				VALIDATE_PRODUCT = YES;
			};
			name = Release;
		};
		FDA19C881965830500761A59 /* Debug */ = {
			isa = XCBuildConfiguration;
			buildSettings = {
				ASSETCATALOG_COMPILER_APPICON_NAME = AppIcon;
				ASSETCATALOG_COMPILER_LAUNCHIMAGE_NAME = LaunchImage;
				INFOPLIST_FILE = EatDaBall/Info.plist;
				LD_RUNPATH_SEARCH_PATHS = "$(inherited) @executable_path/Frameworks";
				PRODUCT_NAME = "$(TARGET_NAME)";
			};
			name = Debug;
		};
		FDA19C891965830500761A59 /* Release */ = {
			isa = XCBuildConfiguration;
			buildSettings = {
				ASSETCATALOG_COMPILER_APPICON_NAME = AppIcon;
				ASSETCATALOG_COMPILER_LAUNCHIMAGE_NAME = LaunchImage;
				INFOPLIST_FILE = EatDaBall/Info.plist;
				LD_RUNPATH_SEARCH_PATHS = "$(inherited) @executable_path/Frameworks";
				PRODUCT_NAME = "$(TARGET_NAME)";
			};
			name = Release;
		};
		FDA19C8B1965830500761A59 /* Debug */ = {
			isa = XCBuildConfiguration;
			buildSettings = {
				BUNDLE_LOADER = "$(BUILT_PRODUCTS_DIR)/EatDaBall.app/EatDaBall";
				FRAMEWORK_SEARCH_PATHS = (
					"$(SDKROOT)/Developer/Library/Frameworks",
					"$(inherited)",
				);
				GCC_PREPROCESSOR_DEFINITIONS = (
					"DEBUG=1",
					"$(inherited)",
				);
				INFOPLIST_FILE = EatDaBallTests/Info.plist;
				LD_RUNPATH_SEARCH_PATHS = "$(inherited) @executable_path/Frameworks @loader_path/Frameworks";
				METAL_ENABLE_DEBUG_INFO = YES;
				PRODUCT_NAME = "$(TARGET_NAME)";
				TEST_HOST = "$(BUNDLE_LOADER)";
			};
			name = Debug;
		};
		FDA19C8C1965830500761A59 /* Release */ = {
			isa = XCBuildConfiguration;
			buildSettings = {
				BUNDLE_LOADER = "$(BUILT_PRODUCTS_DIR)/EatDaBall.app/EatDaBall";
				FRAMEWORK_SEARCH_PATHS = (
					"$(SDKROOT)/Developer/Library/Frameworks",
					"$(inherited)",
				);
				INFOPLIST_FILE = EatDaBallTests/Info.plist;
				LD_RUNPATH_SEARCH_PATHS = "$(inherited) @executable_path/Frameworks @loader_path/Frameworks";
				METAL_ENABLE_DEBUG_INFO = NO;
				PRODUCT_NAME = "$(TARGET_NAME)";
				TEST_HOST = "$(BUNDLE_LOADER)";
			};
			name = Release;
		};
/* End XCBuildConfiguration section */

/* Begin XCConfigurationList section */
		FDA19C621965830400761A59 /* Build configuration list for PBXProject "EatDaBall" */ = {
			isa = XCConfigurationList;
			buildConfigurations = (
				FDA19C851965830500761A59 /* Debug */,
				FDA19C861965830500761A59 /* Release */,
			);
			defaultConfigurationIsVisible = 0;
			defaultConfigurationName = Release;
		};
		FDA19C871965830500761A59 /* Build configuration list for PBXNativeTarget "EatDaBall" */ = {
			isa = XCConfigurationList;
			buildConfigurations = (
				FDA19C881965830500761A59 /* Debug */,
				FDA19C891965830500761A59 /* Release */,
			);
			defaultConfigurationIsVisible = 0;
		};
		FDA19C8A1965830500761A59 /* Build configuration list for PBXNativeTarget "EatDaBallTests" */ = {
			isa = XCConfigurationList;
			buildConfigurations = (
				FDA19C8B1965830500761A59 /* Debug */,
				FDA19C8C1965830500761A59 /* Release */,
			);
			defaultConfigurationIsVisible = 0;
		};
/* End XCConfigurationList section */
	};
	rootObject = FDA19C5F1965830400761A59 /* Project object */;
}
